
Microsoft Visual Studio Solution File, Format Version 12.00
# Visual Studio 15
VisualStudioVersion = 15.0.28307.168
MinimumVisualStudioVersion = 10.0.40219.1
Project("{9A19103F-16F7-4668-BE54-9A1E7A4F7556}") = "Matrices", "Matrices\Matrices.csproj", "{8E5ED601-838E-4A05-B2BA-9E1DCDBE1C0E}"
EndProject
Project("{FAE04EC0-301F-11D3-BF4B-00C04F79EFBC}") = "Matrices.Tests", "Matrices.Tests\Matrices.Tests.csproj", "{D2CE4D3E-D9E6-41A5-B37D-DE8E2DABE3E1}"
EndProject
Global
	GlobalSection(SolutionConfigurationPlatforms) = preSolution
		Debug|Any CPU = Debug|Any CPU
		Release|Any CPU = Release|Any CPU
	EndGlobalSection
	GlobalSection(ProjectConfigurationPlatforms) = postSolution
		{8E5ED601-838E-4A05-B2BA-9E1DCDBE1C0E}.Debug|Any CPU.ActiveCfg = Debug|Any CPU
		{8E5ED601-838E-4A05-B2BA-9E1DCDBE1C0E}.Debug|Any CPU.Build.0 = Debug|Any CPU
		{8E5ED601-838E-4A05-B2BA-9E1DCDBE1C0E}.Release|Any CPU.ActiveCfg = Release|Any CPU
		{8E5ED601-838E-4A05-B2BA-9E1DCDBE1C0E}.Release|Any CPU.Build.0 = Release|Any CPU
		{D2CE4D3E-D9E6-41A5-B37D-DE8E2DABE3E1}.Debug|Any CPU.ActiveCfg = Debug|Any CPU
		{D2CE4D3E-D9E6-41A5-B37D-DE8E2DABE3E1}.Debug|Any CPU.Build.0 = Debug|Any CPU
		{D2CE4D3E-D9E6-41A5-B37D-DE8E2DABE3E1}.Release|Any CPU.ActiveCfg = Release|Any CPU
		{D2CE4D3E-D9E6-41A5-B37D-DE8E2DABE3E1}.Release|Any CPU.Build.0 = Release|Any CPU
	EndGlobalSection
	GlobalSection(SolutionProperties) = preSolution
		HideSolutionNode = FALSE
	EndGlobalSection
	GlobalSection(ExtensibilityGlobals) = postSolution
		SolutionGuid = {0F27BBB2-3169-45AF-8AEA-2C739253C4C3}
	EndGlobalSection
EndGlobal
